
Microsoft Visual Studio Solution File, Format Version 12.00
# Visual Studio Version 16
VisualStudioVersion = 16.0.30611.23
MinimumVisualStudioVersion = 10.0.40219.1
Project("{FAE04EC0-301F-11D3-BF4B-00C04F79EFBC}") = "b2c", "b2c.csproj", "{59B7D9A7-5C40-4442-A91B-242E34980CDC}"
EndProject
Global
	GlobalSection(SolutionConfigurationPlatforms) = preSolution
		Debug|Any CPU = Debug|Any CPU
		Release|Any CPU = Release|Any CPU
	EndGlobalSection
	GlobalSection(ProjectConfigurationPlatforms) = postSolution
		{59B7D9A7-5C40-4442-A91B-242E34980CDC}.Debug|Any CPU.ActiveCfg = Debug|Any CPU
		{59B7D9A7-5C40-4442-A91B-242E34980CDC}.Debug|Any CPU.Build.0 = Debug|Any CPU
		{59B7D9A7-5C40-4442-A91B-242E34980CDC}.Release|Any CPU.ActiveCfg = Release|Any CPU
		{59B7D9A7-5C40-4442-A91B-242E34980CDC}.Release|Any CPU.Build.0 = Release|Any CPU
	EndGlobalSection
	GlobalSection(SolutionProperties) = preSolution
		HideSolutionNode = FALSE
	EndGlobalSection
	GlobalSection(ExtensibilityGlobals) = postSolution
		SolutionGuid = {6FB8566E-BFF7-4D00-A922-4D25D2348952}
	EndGlobalSection
EndGlobal
